
Microsoft Visual Studio Solution File, Format Version 12.00
# Visual Studio Version 17
VisualStudioVersion = 17.5.002.0
MinimumVisualStudioVersion = 10.0.40219.1
Project("{9A19103F-16F7-4668-BE54-9A1E7A4F7556}") = "SA_ResultBlock", "SA_ResultBlock.csproj", "{2D2D15B2-36F5-4B96-8C21-C5B9D66BDCAA}"
EndProject
Global
	GlobalSection(SolutionConfigurationPlatforms) = preSolution
		Debug|Any CPU = Debug|Any CPU
		Release|Any CPU = Release|Any CPU
	EndGlobalSection
	GlobalSection(ProjectConfigurationPlatforms) = postSolution
		{2D2D15B2-36F5-4B96-8C21-C5B9D66BDCAA}.Debug|Any CPU.ActiveCfg = Debug|Any CPU
		{2D2D15B2-36F5-4B96-8C21-C5B9D66BDCAA}.Debug|Any CPU.Build.0 = Debug|Any CPU
		{2D2D15B2-36F5-4B96-8C21-C5B9D66BDCAA}.Release|Any CPU.ActiveCfg = Release|Any CPU
		{2D2D15B2-36F5-4B96-8C21-C5B9D66BDCAA}.Release|Any CPU.Build.0 = Release|Any CPU
	EndGlobalSection
	GlobalSection(SolutionProperties) = preSolution
		HideSolutionNode = FALSE
	EndGlobalSection
	GlobalSection(ExtensibilityGlobals) = postSolution
		SolutionGuid = {60DFC9D2-8914-4ED7-9069-86A3EDF80ED5}
	EndGlobalSection
EndGlobal
